
Microsoft Visual Studio Solution File, Format Version 12.00
# Visual Studio Version 17
VisualStudioVersion = 17.8.34330.188
MinimumVisualStudioVersion = 10.0.40219.1
Project("{FAE04EC0-301F-11D3-BF4B-00C04F79EFBC}") = "EditorDeTexto", "EditorDeTexto.csproj", "{02FF9744-C772-41B8-B881-F733797BDA6A}"
EndProject
Global
	GlobalSection(SolutionConfigurationPlatforms) = preSolution
		Debug|Any CPU = Debug|Any CPU
		Release|Any CPU = Release|Any CPU
	EndGlobalSection
	GlobalSection(ProjectConfigurationPlatforms) = postSolution
		{02FF9744-C772-41B8-B881-F733797BDA6A}.Debug|Any CPU.ActiveCfg = Debug|Any CPU
		{02FF9744-C772-41B8-B881-F733797BDA6A}.Debug|Any CPU.Build.0 = Debug|Any CPU
		{02FF9744-C772-41B8-B881-F733797BDA6A}.Release|Any CPU.ActiveCfg = Release|Any CPU
		{02FF9744-C772-41B8-B881-F733797BDA6A}.Release|Any CPU.Build.0 = Release|Any CPU
	EndGlobalSection
	GlobalSection(SolutionProperties) = preSolution
		HideSolutionNode = FALSE
	EndGlobalSection
	GlobalSection(ExtensibilityGlobals) = postSolution
		SolutionGuid = {2222113A-FA82-4DDD-A041-5582C526719C}
	EndGlobalSection
EndGlobal
